// !$*UTF8*$!
{
	archiveVersion = 1;
	classes = {
	};
	objectVersion = 50;
	objects = {

/* Begin PBXBuildFile section */
		9C15EBCA263682F1007CA696 /* AppDelegate.swift in Sources */ = {isa = PBXBuildFile; fileRef = 9C15EBC9263682F1007CA696 /* AppDelegate.swift */; };
		9C15EBCC263682F1007CA696 /* SceneDelegate.swift in Sources */ = {isa = PBXBuildFile; fileRef = 9C15EBCB263682F1007CA696 /* SceneDelegate.swift */; };
		9C15EBD1263682F1007CA696 /* Main.storyboard in Resources */ = {isa = PBXBuildFile; fileRef = 9C15EBCF263682F1007CA696 /* Main.storyboard */; };
		9C15EBD3263682F7007CA696 /* Assets.xcassets in Resources */ = {isa = PBXBuildFile; fileRef = 9C15EBD2263682F7007CA696 /* Assets.xcassets */; };
		9C15EBD6263682F7007CA696 /* LaunchScreen.storyboard in Resources */ = {isa = PBXBuildFile; fileRef = 9C15EBD4263682F7007CA696 /* LaunchScreen.storyboard */; };
		9C15EBE226369301007CA696 /* DataManager.swift in Sources */ = {isa = PBXBuildFile; fileRef = 9C15EBE126369301007CA696 /* DataManager.swift */; };
		9C15EBF526370AF1007CA696 /* APIServiceConfig.swift in Sources */ = {isa = PBXBuildFile; fileRef = 9C15EBF426370AF1007CA696 /* APIServiceConfig.swift */; };
		9C7BA466263F9BB40086839B /* VideoCardViewCell.swift in Sources */ = {isa = PBXBuildFile; fileRef = 9C7BA464263F9BB40086839B /* VideoCardViewCell.swift */; };
		9C7BA467263F9BB40086839B /* VideoCardViewCell.xib in Resources */ = {isa = PBXBuildFile; fileRef = 9C7BA465263F9BB40086839B /* VideoCardViewCell.xib */; };
		9CA4465826467E400063F7BF /* PopularModel.swift in Sources */ = {isa = PBXBuildFile; fileRef = 9CA4465726467E400063F7BF /* PopularModel.swift */; };
		9CA4465B26467E4E0063F7BF /* TopRateModel.swift in Sources */ = {isa = PBXBuildFile; fileRef = 9CA4465A26467E4E0063F7BF /* TopRateModel.swift */; };
		9CD4F97926424E30004ED9F0 /* PopularViewController.swift in Sources */ = {isa = PBXBuildFile; fileRef = 9CD4F97826424E30004ED9F0 /* PopularViewController.swift */; };
		9CD4F97C26424E5C004ED9F0 /* TopRateViewController.swift in Sources */ = {isa = PBXBuildFile; fileRef = 9CD4F97B26424E5C004ED9F0 /* TopRateViewController.swift */; };
		9CD4F98126426D39004ED9F0 /* ViewSizeConfig.swift in Sources */ = {isa = PBXBuildFile; fileRef = 9CD4F98026426D39004ED9F0 /* ViewSizeConfig.swift */; };
/* End PBXBuildFile section */

/* Begin PBXFileReference section */
		9C15EBC6263682F1007CA696 /* TMDB.app */ = {isa = PBXFileReference; explicitFileType = wrapper.application; includeInIndex = 0; path = TMDB.app; sourceTree = BUILT_PRODUCTS_DIR; };
		9C15EBC9263682F1007CA696 /* AppDelegate.swift */ = {isa = PBXFileReference; lastKnownFileType = sourcecode.swift; path = AppDelegate.swift; sourceTree = "<group>"; };
		9C15EBCB263682F1007CA696 /* SceneDelegate.swift */ = {isa = PBXFileReference; lastKnownFileType = sourcecode.swift; path = SceneDelegate.swift; sourceTree = "<group>"; };
		9C15EBD0263682F1007CA696 /* Base */ = {isa = PBXFileReference; lastKnownFileType = file.storyboard; name = Base; path = Base.lproj/Main.storyboard; sourceTree = "<group>"; };
		9C15EBD2263682F7007CA696 /* Assets.xcassets */ = {isa = PBXFileReference; lastKnownFileType = folder.assetcatalog; path = Assets.xcassets; sourceTree = "<group>"; };
		9C15EBD5263682F7007CA696 /* Base */ = {isa = PBXFileReference; lastKnownFileType = file.storyboard; name = Base; path = Base.lproj/LaunchScreen.storyboard; sourceTree = "<group>"; };
		9C15EBD7263682F7007CA696 /* Info.plist */ = {isa = PBXFileReference; lastKnownFileType = text.plist.xml; path = Info.plist; sourceTree = "<group>"; };
		9C15EBE126369301007CA696 /* DataManager.swift */ = {isa = PBXFileReference; lastKnownFileType = sourcecode.swift; path = DataManager.swift; sourceTree = "<group>"; };
		9C15EBF426370AF1007CA696 /* APIServiceConfig.swift */ = {isa = PBXFileReference; lastKnownFileType = sourcecode.swift; path = APIServiceConfig.swift; sourceTree = "<group>"; };
		9C7BA464263F9BB40086839B /* VideoCardViewCell.swift */ = {isa = PBXFileReference; lastKnownFileType = sourcecode.swift; path = VideoCardViewCell.swift; sourceTree = "<group>"; };
		9C7BA465263F9BB40086839B /* VideoCardViewCell.xib */ = {isa = PBXFileReference; lastKnownFileType = file.xib; path = VideoCardViewCell.xib; sourceTree = "<group>"; };
		9CA4465726467E400063F7BF /* PopularModel.swift */ = {isa = PBXFileReference; lastKnownFileType = sourcecode.swift; path = PopularModel.swift; sourceTree = "<group>"; };
		9CA4465A26467E4E0063F7BF /* TopRateModel.swift */ = {isa = PBXFileReference; lastKnownFileType = sourcecode.swift; path = TopRateModel.swift; sourceTree = "<group>"; };
		9CD4F97826424E30004ED9F0 /* PopularViewController.swift */ = {isa = PBXFileReference; lastKnownFileType = sourcecode.swift; path = PopularViewController.swift; sourceTree = "<group>"; };
		9CD4F97B26424E5C004ED9F0 /* TopRateViewController.swift */ = {isa = PBXFileReference; lastKnownFileType = sourcecode.swift; path = TopRateViewController.swift; sourceTree = "<group>"; };
		9CD4F98026426D39004ED9F0 /* ViewSizeConfig.swift */ = {isa = PBXFileReference; lastKnownFileType = sourcecode.swift; path = ViewSizeConfig.swift; sourceTree = "<group>"; };
/* End PBXFileReference section */

/* Begin PBXFrameworksBuildPhase section */
		9C15EBC3263682F1007CA696 /* Frameworks */ = {
			isa = PBXFrameworksBuildPhase;
			buildActionMask = 2147483647;
			files = (
			);
			runOnlyForDeploymentPostprocessing = 0;
		};
/* End PBXFrameworksBuildPhase section */

/* Begin PBXGroup section */
		9C15EBBD263682F1007CA696 = {
			isa = PBXGroup;
			children = (
				9C15EBC8263682F1007CA696 /* TMDB */,
				9C15EBC7263682F1007CA696 /* Products */,
			);
			sourceTree = "<group>";
		};
		9C15EBC7263682F1007CA696 /* Products */ = {
			isa = PBXGroup;
			children = (
				9C15EBC6263682F1007CA696 /* TMDB.app */,
			);
			name = Products;
			sourceTree = "<group>";
		};
		9C15EBC8263682F1007CA696 /* TMDB */ = {
			isa = PBXGroup;
			children = (
				9C15EBD7263682F7007CA696 /* Info.plist */,
				9CA4465626467E040063F7BF /* Manager */,
				9CA4465526467DD30063F7BF /* SupportFile */,
				9CA4465426467D650063F7BF /* Xib */,
				9CA4465326467D5D0063F7BF /* View */,
				9CA4465226467D530063F7BF /* Model */,
				9CA4465126467D420063F7BF /* Controller */,
				9C15EBD2263682F7007CA696 /* Assets.xcassets */,
				9C15EBD4263682F7007CA696 /* LaunchScreen.storyboard */,
				9C15EBCF263682F1007CA696 /* Main.storyboard */,
			);
			path = TMDB;
			sourceTree = "<group>";
		};
		9CA4465126467D420063F7BF /* Controller */ = {
			isa = PBXGroup;
			children = (
				9CD4F97826424E30004ED9F0 /* PopularViewController.swift */,
				9CD4F97B26424E5C004ED9F0 /* TopRateViewController.swift */,
			);
			path = Controller;
			sourceTree = "<group>";
		};
		9CA4465226467D530063F7BF /* Model */ = {
			isa = PBXGroup;
			children = (
				9CA4465726467E400063F7BF /* PopularModel.swift */,
				9CA4465A26467E4E0063F7BF /* TopRateModel.swift */,
			);
			path = Model;
			sourceTree = "<group>";
		};
		9CA4465326467D5D0063F7BF /* View */ = {
			isa = PBXGroup;
			children = (
				9C7BA464263F9BB40086839B /* VideoCardViewCell.swift */,
			);
			path = View;
			sourceTree = "<group>";
		};
		9CA4465426467D650063F7BF /* Xib */ = {
			isa = PBXGroup;
			children = (
				9C7BA465263F9BB40086839B /* VideoCardViewCell.xib */,
			);
			path = Xib;
			sourceTree = "<group>";
		};
		9CA4465526467DD30063F7BF /* SupportFile */ = {
			isa = PBXGroup;
			children = (
				9C15EBCB263682F1007CA696 /* SceneDelegate.swift */,
				9C15EBF426370AF1007CA696 /* APIServiceConfig.swift */,
				9CD4F98026426D39004ED9F0 /* ViewSizeConfig.swift */,
				9C15EBC9263682F1007CA696 /* AppDelegate.swift */,
			);
			path = SupportFile;
			sourceTree = "<group>";
		};
		9CA4465626467E040063F7BF /* Manager */ = {
			isa = PBXGroup;
			children = (
				9C15EBE126369301007CA696 /* DataManager.swift */,
			);
			path = Manager;
			sourceTree = "<group>";
		};
/* End PBXGroup section */

/* Begin PBXNativeTarget section */
		9C15EBC5263682F1007CA696 /* TMDB */ = {
			isa = PBXNativeTarget;
			buildConfigurationList = 9C15EBDA263682F7007CA696 /* Build configuration list for PBXNativeTarget "TMDB" */;
			buildPhases = (
				9C15EBC2263682F1007CA696 /* Sources */,
				9C15EBC3263682F1007CA696 /* Frameworks */,
				9C15EBC4263682F1007CA696 /* Resources */,
			);
			buildRules = (
			);
			dependencies = (
			);
			name = TMDB;
			productName = TMDB;
			productReference = 9C15EBC6263682F1007CA696 /* TMDB.app */;
			productType = "com.apple.product-type.application";
		};
/* End PBXNativeTarget section */

/* Begin PBXProject section */
		9C15EBBE263682F1007CA696 /* Project object */ = {
			isa = PBXProject;
			attributes = {
				LastSwiftUpdateCheck = 1230;
				LastUpgradeCheck = 1230;
				TargetAttributes = {
					9C15EBC5263682F1007CA696 = {
						CreatedOnToolsVersion = 12.3;
					};
				};
			};
			buildConfigurationList = 9C15EBC1263682F1007CA696 /* Build configuration list for PBXProject "TMDB" */;
			compatibilityVersion = "Xcode 9.3";
			developmentRegion = en;
			hasScannedForEncodings = 0;
			knownRegions = (
				en,
				Base,
			);
			mainGroup = 9C15EBBD263682F1007CA696;
			productRefGroup = 9C15EBC7263682F1007CA696 /* Products */;
			projectDirPath = "";
			projectRoot = "";
			targets = (
				9C15EBC5263682F1007CA696 /* TMDB */,
			);
		};
/* End PBXProject section */

/* Begin PBXResourcesBuildPhase section */
		9C15EBC4263682F1007CA696 /* Resources */ = {
			isa = PBXResourcesBuildPhase;
			buildActionMask = 2147483647;
			files = (
				9C15EBD6263682F7007CA696 /* LaunchScreen.storyboard in Resources */,
				9C15EBD3263682F7007CA696 /* Assets.xcassets in Resources */,
				9C7BA467263F9BB40086839B /* VideoCardViewCell.xib in Resources */,
				9C15EBD1263682F1007CA696 /* Main.storyboard in Resources */,
			);
			runOnlyForDeploymentPostprocessing = 0;
		};
/* End PBXResourcesBuildPhase section */

/* Begin PBXSourcesBuildPhase section */
		9C15EBC2263682F1007CA696 /* Sources */ = {
			isa = PBXSourcesBuildPhase;
			buildActionMask = 2147483647;
			files = (
				9CA4465826467E400063F7BF /* PopularModel.swift in Sources */,
				9C15EBCA263682F1007CA696 /* AppDelegate.swift in Sources */,
				9C7BA466263F9BB40086839B /* VideoCardViewCell.swift in Sources */,
				9CA4465B26467E4E0063F7BF /* TopRateModel.swift in Sources */,
				9C15EBF526370AF1007CA696 /* APIServiceConfig.swift in Sources */,
				9CD4F98126426D39004ED9F0 /* ViewSizeConfig.swift in Sources */,
				9CD4F97C26424E5C004ED9F0 /* TopRateViewController.swift in Sources */,
				9CD4F97926424E30004ED9F0 /* PopularViewController.swift in Sources */,
				9C15EBCC263682F1007CA696 /* SceneDelegate.swift in Sources */,
				9C15EBE226369301007CA696 /* DataManager.swift in Sources */,
			);
			runOnlyForDeploymentPostprocessing = 0;
		};
/* End PBXSourcesBuildPhase section */

/* Begin PBXVariantGroup section */
		9C15EBCF263682F1007CA696 /* Main.storyboard */ = {
			isa = PBXVariantGroup;
			children = (
				9C15EBD0263682F1007CA696 /* Base */,
			);
			name = Main.storyboard;
			sourceTree = "<group>";
		};
		9C15EBD4263682F7007CA696 /* LaunchScreen.storyboard */ = {
			isa = PBXVariantGroup;
			children = (
				9C15EBD5263682F7007CA696 /* Base */,
			);
			name = LaunchScreen.storyboard;
			sourceTree = "<group>";
		};
/* End PBXVariantGroup section */

/* Begin XCBuildConfiguration section */
		9C15EBD8263682F7007CA696 /* Debug */ = {
			isa = XCBuildConfiguration;
			buildSettings = {
				ALWAYS_SEARCH_USER_PATHS = NO;
				CLANG_ANALYZER_NONNULL = YES;
				CLANG_ANALYZER_NUMBER_OBJECT_CONVERSION = YES_AGGRESSIVE;
				CLANG_CXX_LANGUAGE_STANDARD = "gnu++14";
				CLANG_CXX_LIBRARY = "libc++";
				CLANG_ENABLE_MODULES = YES;
				CLANG_ENABLE_OBJC_ARC = YES;
				CLANG_ENABLE_OBJC_WEAK = YES;
				CLANG_WARN_BLOCK_CAPTURE_AUTORELEASING = YES;
				CLANG_WARN_BOOL_CONVERSION = YES;
				CLANG_WARN_COMMA = YES;
				CLANG_WARN_CONSTANT_CONVERSION = YES;
				CLANG_WARN_DEPRECATED_OBJC_IMPLEMENTATIONS = YES;
				CLANG_WARN_DIRECT_OBJC_ISA_USAGE = YES_ERROR;
				CLANG_WARN_DOCUMENTATION_COMMENTS = YES;
				CLANG_WARN_EMPTY_BODY = YES;
				CLANG_WARN_ENUM_CONVERSION = YES;
				CLANG_WARN_INFINITE_RECURSION = YES;
				CLANG_WARN_INT_CONVERSION = YES;
				CLANG_WARN_NON_LITERAL_NULL_CONVERSION = YES;
				CLANG_WARN_OBJC_IMPLICIT_RETAIN_SELF = YES;
				CLANG_WARN_OBJC_LITERAL_CONVERSION = YES;
				CLANG_WARN_OBJC_ROOT_CLASS = YES_ERROR;
				CLANG_WARN_QUOTED_INCLUDE_IN_FRAMEWORK_HEADER = YES;
				CLANG_WARN_RANGE_LOOP_ANALYSIS = YES;
				CLANG_WARN_STRICT_PROTOTYPES = YES;
				CLANG_WARN_SUSPICIOUS_MOVE = YES;
				CLANG_WARN_UNGUARDED_AVAILABILITY = YES_AGGRESSIVE;
				CLANG_WARN_UNREACHABLE_CODE = YES;
				CLANG_WARN__DUPLICATE_METHOD_MATCH = YES;
				COPY_PHASE_STRIP = NO;
				DEBUG_INFORMATION_FORMAT = dwarf;
				ENABLE_STRICT_OBJC_MSGSEND = YES;
				ENABLE_TESTABILITY = YES;
				GCC_C_LANGUAGE_STANDARD = gnu11;
				GCC_DYNAMIC_NO_PIC = NO;
				GCC_NO_COMMON_BLOCKS = YES;
				GCC_OPTIMIZATION_LEVEL = 0;
				GCC_PREPROCESSOR_DEFINITIONS = (
					"DEBUG=1",
					"$(inherited)",
				);
				GCC_WARN_64_TO_32_BIT_CONVERSION = YES;
				GCC_WARN_ABOUT_RETURN_TYPE = YES_ERROR;
				GCC_WARN_UNDECLARED_SELECTOR = YES;
				GCC_WARN_UNINITIALIZED_AUTOS = YES_AGGRESSIVE;
				GCC_WARN_UNUSED_FUNCTION = YES;
				GCC_WARN_UNUSED_VARIABLE = YES;
				IPHONEOS_DEPLOYMENT_TARGET = 14.3;
				MTL_ENABLE_DEBUG_INFO = INCLUDE_SOURCE;
				MTL_FAST_MATH = YES;
				ONLY_ACTIVE_ARCH = YES;
				SDKROOT = iphoneos;
				SWIFT_ACTIVE_COMPILATION_CONDITIONS = DEBUG;
				SWIFT_OPTIMIZATION_LEVEL = "-Onone";
			};
			name = Debug;
		};
		9C15EBD9263682F7007CA696 /* Release */ = {
			isa = XCBuildConfiguration;
			buildSettings = {
				ALWAYS_SEARCH_USER_PATHS = NO;
				CLANG_ANALYZER_NONNULL = YES;
				CLANG_ANALYZER_NUMBER_OBJECT_CONVERSION = YES_AGGRESSIVE;
				CLANG_CXX_LANGUAGE_STANDARD = "gnu++14";
				CLANG_CXX_LIBRARY = "libc++";
				CLANG_ENABLE_MODULES = YES;
				CLANG_ENABLE_OBJC_ARC = YES;
				CLANG_ENABLE_OBJC_WEAK = YES;
				CLANG_WARN_BLOCK_CAPTURE_AUTORELEASING = YES;
				CLANG_WARN_BOOL_CONVERSION = YES;
				CLANG_WARN_COMMA = YES;
				CLANG_WARN_CONSTANT_CONVERSION = YES;
				CLANG_WARN_DEPRECATED_OBJC_IMPLEMENTATIONS = YES;
				CLANG_WARN_DIRECT_OBJC_ISA_USAGE = YES_ERROR;
				CLANG_WARN_DOCUMENTATION_COMMENTS = YES;
				CLANG_WARN_EMPTY_BODY = YES;
				CLANG_WARN_ENUM_CONVERSION = YES;
				CLANG_WARN_INFINITE_RECURSION = YES;
				CLANG_WARN_INT_CONVERSION = YES;
				CLANG_WARN_NON_LITERAL_NULL_CONVERSION = YES;
				CLANG_WARN_OBJC_IMPLICIT_RETAIN_SELF = YES;
				CLANG_WARN_OBJC_LITERAL_CONVERSION = YES;
				CLANG_WARN_OBJC_ROOT_CLASS = YES_ERROR;
				CLANG_WARN_QUOTED_INCLUDE_IN_FRAMEWORK_HEADER = YES;
				CLANG_WARN_RANGE_LOOP_ANALYSIS = YES;
				CLANG_WARN_STRICT_PROTOTYPES = YES;
				CLANG_WARN_SUSPICIOUS_MOVE = YES;
				CLANG_WARN_UNGUARDED_AVAILABILITY = YES_AGGRESSIVE;
				CLANG_WARN_UNREACHABLE_CODE = YES;
				CLANG_WARN__DUPLICATE_METHOD_MATCH = YES;
				COPY_PHASE_STRIP = NO;
				DEBUG_INFORMATION_FORMAT = "dwarf-with-dsym";
				ENABLE_NS_ASSERTIONS = NO;
				ENABLE_STRICT_OBJC_MSGSEND = YES;
				GCC_C_LANGUAGE_STANDARD = gnu11;
				GCC_NO_COMMON_BLOCKS = YES;
				GCC_WARN_64_TO_32_BIT_CONVERSION = YES;
				GCC_WARN_ABOUT_RETURN_TYPE = YES_ERROR;
				GCC_WARN_UNDECLARED_SELECTOR = YES;
				GCC_WARN_UNINITIALIZED_AUTOS = YES_AGGRESSIVE;
				GCC_WARN_UNUSED_FUNCTION = YES;
				GCC_WARN_UNUSED_VARIABLE = YES;
				IPHONEOS_DEPLOYMENT_TARGET = 14.3;
				MTL_ENABLE_DEBUG_INFO = NO;
				MTL_FAST_MATH = YES;
				SDKROOT = iphoneos;
				SWIFT_COMPILATION_MODE = wholemodule;
				SWIFT_OPTIMIZATION_LEVEL = "-O";
				VALIDATE_PRODUCT = YES;
			};
			name = Release;
		};
		9C15EBDB263682F7007CA696 /* Debug */ = {
			isa = XCBuildConfiguration;
			buildSettings = {
				ASSETCATALOG_COMPILER_APPICON_NAME = AppIcon;
				ASSETCATALOG_COMPILER_GLOBAL_ACCENT_COLOR_NAME = AccentColor;
				CODE_SIGN_STYLE = Automatic;
				DEVELOPMENT_TEAM = 5K2D8EVZ5V;
				INFOPLIST_FILE = TMDB/Info.plist;
				IPHONEOS_DEPLOYMENT_TARGET = 13.0;
				LD_RUNPATH_SEARCH_PATHS = (
					"$(inherited)",
					"@executable_path/Frameworks",
				);
				PRODUCT_BUNDLE_IDENTIFIER = com.PaulLien.TMDB;
				PRODUCT_NAME = "$(TARGET_NAME)";
				SWIFT_VERSION = 5.0;
				TARGETED_DEVICE_FAMILY = "1,2";
			};
			name = Debug;
		};
		9C15EBDC263682F7007CA696 /* Release */ = {
			isa = XCBuildConfiguration;
			buildSettings = {
				ASSETCATALOG_COMPILER_APPICON_NAME = AppIcon;
				ASSETCATALOG_COMPILER_GLOBAL_ACCENT_COLOR_NAME = AccentColor;
				CODE_SIGN_STYLE = Automatic;
				DEVELOPMENT_TEAM = 5K2D8EVZ5V;
				INFOPLIST_FILE = TMDB/Info.plist;
				IPHONEOS_DEPLOYMENT_TARGET = 13.0;
				LD_RUNPATH_SEARCH_PATHS = (
					"$(inherited)",
					"@executable_path/Frameworks",
				);
				PRODUCT_BUNDLE_IDENTIFIER = com.PaulLien.TMDB;
				PRODUCT_NAME = "$(TARGET_NAME)";
				SWIFT_VERSION = 5.0;
				TARGETED_DEVICE_FAMILY = "1,2";
			};
			name = Release;
		};
/* End XCBuildConfiguration section */

/* Begin XCConfigurationList section */
		9C15EBC1263682F1007CA696 /* Build configuration list for PBXProject "TMDB" */ = {
			isa = XCConfigurationList;
			buildConfigurations = (
				9C15EBD8263682F7007CA696 /* Debug */,
				9C15EBD9263682F7007CA696 /* Release */,
			);
			defaultConfigurationIsVisible = 0;
			defaultConfigurationName = Release;
		};
		9C15EBDA263682F7007CA696 /* Build configuration list for PBXNativeTarget "TMDB" */ = {
			isa = XCConfigurationList;
			buildConfigurations = (
				9C15EBDB263682F7007CA696 /* Debug */,
				9C15EBDC263682F7007CA696 /* Release */,
			);
			defaultConfigurationIsVisible = 0;
			defaultConfigurationName = Release;
		};
/* End XCConfigurationList section */
	};
	rootObject = 9C15EBBE263682F1007CA696 /* Project object */;
}
